
Microsoft Visual Studio Solution File, Format Version 12.00
Project("{FAE04EC0-301F-11D3-BF4B-00C04F79EFBC}") = "simpleApp", "simpleApp\simpleApp.csproj", "{53BF5F37-8BE1-4961-9549-5680ED1CBBFE}"
EndProject
Global
	GlobalSection(SolutionConfigurationPlatforms) = preSolution
		Debug|Any CPU = Debug|Any CPU
		Release|Any CPU = Release|Any CPU
	EndGlobalSection
	GlobalSection(ProjectConfigurationPlatforms) = postSolution
		{53BF5F37-8BE1-4961-9549-5680ED1CBBFE}.Debug|Any CPU.ActiveCfg = Debug|Any CPU
		{53BF5F37-8BE1-4961-9549-5680ED1CBBFE}.Debug|Any CPU.Build.0 = Debug|Any CPU
		{53BF5F37-8BE1-4961-9549-5680ED1CBBFE}.Release|Any CPU.ActiveCfg = Release|Any CPU
		{53BF5F37-8BE1-4961-9549-5680ED1CBBFE}.Release|Any CPU.Build.0 = Release|Any CPU
	EndGlobalSection
EndGlobal
